{
  "name": "nimbus-web",
  "version": "1.0.0",
  "lockfileVersion": 2,
  "requires": true,
  "packages": {
    "": {
      "name": "nimbus-web",
      "version": "1.0.0",
      "dependencies": { "lodash": "4.17.15", "minimist": "1.2.5" }
    },
    "node_modules/lodash": {
      "version": "4.17.15",
      "resolved": "https://registry.npmjs.org/lodash/-/lodash-4.17.15.tgz"
    },
    "node_modules/minimist": {
      "version": "1.2.5",
      "resolved": "https://registry.npmjs.org/minimist/-/minimist-1.2.5.tgz"
    },
    "node_modules/@babel/traverse": {
      "version": "7.22.5",
      "resolved": "https://registry.npmjs.org/@babel/traverse/-/traverse-7.22.5.tgz",
      "dev": true
    },
    "node_modules/jest/node_modules/lodash": {
      "version": "4.17.15",
      "resolved": "https://registry.npmjs.org/lodash/-/lodash-4.17.15.tgz",
      "dev": true
    },
    "node_modules/internal-tools": {
      "resolved": "packages/internal-tools",
      "link": true
    },
    "node_modules/forked-dep": {
      "version": "1.0.0",
      "resolved": "git+ssh://git@github.com/acme/forked-dep.git#abc123"
    },
    "node_modules/no-version-here": {
      "resolved": "https://registry.npmjs.org/no-version-here/-/x.tgz"
    }
  },
  "dependencies": {
    "lodash": { "version": "4.17.15", "resolved": "https://registry.npmjs.org/lodash/-/lodash-4.17.15.tgz" },
    "minimist": { "version": "1.2.5", "resolved": "https://registry.npmjs.org/minimist/-/minimist-1.2.5.tgz" },
    "@babel/traverse": { "version": "7.22.5", "dev": true },
    "jest": { "version": "29.0.0", "dev": true,
      "dependencies": { "lodash": { "version": "4.17.15", "dev": true } } }
  }
}
